// !$*UTF8*$!
{
	archiveVersion = 1;
	classes = {
	};
	objectVersion = 45;
	objects = {

/* Begin PBXBuildFile section */
		27B3BBBE124D6E9900A7616D /* GLEW.framework in Frameworks */ = {isa = PBXBuildFile; fileRef = 27B3BBBD124D6E9900A7616D /* GLEW.framework */; };
		27B3BBBF124D6EA500A7616D /* GLEW.framework in Copy Frameworks */ = {isa = PBXBuildFile; fileRef = 27B3BBBD124D6E9900A7616D /* GLEW.framework */; };
		27B3BBDA125126AA00A7616D /* Sample-05-Info.plist in Resources */ = {isa = PBXBuildFile; fileRef = 27B3BBD9125126AA00A7616D /* Sample-05-Info.plist */; };
		27B3BBDF1251270000A7616D /* FPSCamera.cpp in Sources */ = {isa = PBXBuildFile; fileRef = 27B3BBDE1251270000A7616D /* FPSCamera.cpp */; };
		27C94869124AC43F0082233F /* SDLMain.h in Sources */ = {isa = PBXBuildFile; fileRef = 341689FD10DAF36B00B941D4 /* SDLMain.h */; };
		27C9486A124AC43F0082233F /* SDLMain.m in Sources */ = {isa = PBXBuildFile; fileRef = 341689FE10DAF36B00B941D4 /* SDLMain.m */; };
		27C9486B124AC43F0082233F /* main.mm in Sources */ = {isa = PBXBuildFile; fileRef = 08FB7796FE84155DC02AAC07 /* main.mm */; };
		27C94881124AC4570082233F /* OpenGL.framework in Frameworks */ = {isa = PBXBuildFile; fileRef = 34168A4810DAF55E00B941D4 /* OpenGL.framework */; };
		27C94882124AC4570082233F /* SDL.framework in Frameworks */ = {isa = PBXBuildFile; fileRef = 341689E610DAF30900B941D4 /* SDL.framework */; };
		27C94883124AC4570082233F /* SDL_image.framework in Frameworks */ = {isa = PBXBuildFile; fileRef = 341689E710DAF30900B941D4 /* SDL_image.framework */; };
		27C94884124AC4570082233F /* Cocoa.framework in Frameworks */ = {isa = PBXBuildFile; fileRef = 341689B510DAF28000B941D4 /* Cocoa.framework */; };
		27C948E4124AC7500082233F /* cube.obj in Resources */ = {isa = PBXBuildFile; fileRef = 27C948E3124AC7500082233F /* cube.obj */; };
		27C948F3124AC8000082233F /* SDL.framework in Copy Frameworks */ = {isa = PBXBuildFile; fileRef = 341689E610DAF30900B941D4 /* SDL.framework */; };
		27C948F4124AC8000082233F /* SDL_image.framework in Copy Frameworks */ = {isa = PBXBuildFile; fileRef = 341689E710DAF30900B941D4 /* SDL_image.framework */; };
		27C94919124AC9740082233F /* lavish.framework in Frameworks */ = {isa = PBXBuildFile; fileRef = 341689F210DAF31A00B941D4 /* lavish.framework */; };
		27C9491A124AC9770082233F /* lavish.framework in Copy Frameworks */ = {isa = PBXBuildFile; fileRef = 341689F210DAF31A00B941D4 /* lavish.framework */; };
/* End PBXBuildFile section */

/* Begin PBXContainerItemProxy section */
		27C948F6124AC8190082233F /* PBXContainerItemProxy */ = {
			isa = PBXContainerItemProxy;
			containerPortal = 341689EA10DAF31A00B941D4 /* lavish.xcodeproj */;
			proxyType = 1;
			remoteGlobalIDString = 8DC2EF4F0486A6940098B216;
			remoteInfo = lavish;
		};
		341689F110DAF31A00B941D4 /* PBXContainerItemProxy */ = {
			isa = PBXContainerItemProxy;
			containerPortal = 341689EA10DAF31A00B941D4 /* lavish.xcodeproj */;
			proxyType = 2;
			remoteGlobalIDString = 8DC2EF5B0486A6940098B216;
			remoteInfo = lavish;
		};
/* End PBXContainerItemProxy section */

/* Begin PBXCopyFilesBuildPhase section */
		27C948FC124AC8240082233F /* Copy Frameworks */ = {
			isa = PBXCopyFilesBuildPhase;
			buildActionMask = 2147483647;
			dstPath = "";
			dstSubfolderSpec = 10;
			files = (
				27B3BBBF124D6EA500A7616D /* GLEW.framework in Copy Frameworks */,
				27C9491A124AC9770082233F /* lavish.framework in Copy Frameworks */,
				27C948F3124AC8000082233F /* SDL.framework in Copy Frameworks */,
				27C948F4124AC8000082233F /* SDL_image.framework in Copy Frameworks */,
			);
			name = "Copy Frameworks";
			runOnlyForDeploymentPostprocessing = 0;
		};
/* End PBXCopyFilesBuildPhase section */

/* Begin PBXFileReference section */
		08FB7796FE84155DC02AAC07 /* main.mm */ = {isa = PBXFileReference; fileEncoding = 4; lastKnownFileType = sourcecode.cpp.objcpp; path = main.mm; sourceTree = "<group>"; };
		27B3BBBD124D6E9900A7616D /* GLEW.framework */ = {isa = PBXFileReference; lastKnownFileType = wrapper.framework; name = GLEW.framework; path = ../../../projects/mac/dependancies/GLEW.framework; sourceTree = SOURCE_ROOT; };
		27B3BBD9125126AA00A7616D /* Sample-05-Info.plist */ = {isa = PBXFileReference; fileEncoding = 4; lastKnownFileType = text.plist.xml; path = "Sample-05-Info.plist"; sourceTree = "<group>"; };
		27B3BBDD1251270000A7616D /* FPSCamera.hpp */ = {isa = PBXFileReference; fileEncoding = 4; lastKnownFileType = sourcecode.cpp.h; path = FPSCamera.hpp; sourceTree = "<group>"; };
		27B3BBDE1251270000A7616D /* FPSCamera.cpp */ = {isa = PBXFileReference; fileEncoding = 4; lastKnownFileType = sourcecode.cpp.cpp; path = FPSCamera.cpp; sourceTree = "<group>"; };
		27C94863124AC4300082233F /* Sample-05.app */ = {isa = PBXFileReference; explicitFileType = wrapper.application; includeInIndex = 0; path = "Sample-05.app"; sourceTree = BUILT_PRODUCTS_DIR; };
		27C948E3124AC7500082233F /* cube.obj */ = {isa = PBXFileReference; fileEncoding = 4; lastKnownFileType = text; name = cube.obj; path = ../../data/cube.obj; sourceTree = SOURCE_ROOT; };
		341689B510DAF28000B941D4 /* Cocoa.framework */ = {isa = PBXFileReference; lastKnownFileType = wrapper.framework; name = Cocoa.framework; path = System/Library/Frameworks/Cocoa.framework; sourceTree = SDKROOT; };
		341689E610DAF30900B941D4 /* SDL.framework */ = {isa = PBXFileReference; lastKnownFileType = wrapper.framework; name = SDL.framework; path = ../../../projects/mac/dependancies/SDL.framework; sourceTree = SOURCE_ROOT; };
		341689E710DAF30900B941D4 /* SDL_image.framework */ = {isa = PBXFileReference; lastKnownFileType = wrapper.framework; name = SDL_image.framework; path = ../../../projects/mac/dependancies/SDL_image.framework; sourceTree = SOURCE_ROOT; };
		341689EA10DAF31A00B941D4 /* lavish.xcodeproj */ = {isa = PBXFileReference; lastKnownFileType = "wrapper.pb-project"; name = lavish.xcodeproj; path = ../../../projects/mac/lavish.xcodeproj; sourceTree = SOURCE_ROOT; };
		341689FD10DAF36B00B941D4 /* SDLMain.h */ = {isa = PBXFileReference; fileEncoding = 4; lastKnownFileType = sourcecode.c.h; name = SDLMain.h; path = ../../../projects/mac/dependancies/SDLMain.h; sourceTree = SOURCE_ROOT; };
		341689FE10DAF36B00B941D4 /* SDLMain.m */ = {isa = PBXFileReference; fileEncoding = 4; lastKnownFileType = sourcecode.c.objc; name = SDLMain.m; path = ../../../projects/mac/dependancies/SDLMain.m; sourceTree = SOURCE_ROOT; };
		34168A4810DAF55E00B941D4 /* OpenGL.framework */ = {isa = PBXFileReference; lastKnownFileType = wrapper.framework; name = OpenGL.framework; path = System/Library/Frameworks/OpenGL.framework; sourceTree = SDKROOT; };
/* End PBXFileReference section */

/* Begin PBXFrameworksBuildPhase section */
		27C94861124AC4300082233F /* Frameworks */ = {
			isa = PBXFrameworksBuildPhase;
			buildActionMask = 2147483647;
			files = (
				27B3BBBE124D6E9900A7616D /* GLEW.framework in Frameworks */,
				27C94919124AC9740082233F /* lavish.framework in Frameworks */,
				27C94881124AC4570082233F /* OpenGL.framework in Frameworks */,
				27C94882124AC4570082233F /* SDL.framework in Frameworks */,
				27C94883124AC4570082233F /* SDL_image.framework in Frameworks */,
				27C94884124AC4570082233F /* Cocoa.framework in Frameworks */,
			);
			runOnlyForDeploymentPostprocessing = 0;
		};
/* End PBXFrameworksBuildPhase section */

/* Begin PBXGroup section */
		08FB7794FE84155DC02AAC07 /* Tutorial 4 - Loading Obj Models */ = {
			isa = PBXGroup;
			children = (
				27B3BBD9125126AA00A7616D /* Sample-05-Info.plist */,
				27C948E5124AC75A0082233F /* Resources */,
				341689EA10DAF31A00B941D4 /* lavish.xcodeproj */,
				341689BB10DAF29000B941D4 /* frameworks */,
				08FB7795FE84155DC02AAC07 /* Source */,
				C6859E8C029090F304C91782 /* Documentation */,
				1AB674ADFE9D54B511CA2CBB /* Products */,
			);
			name = "Tutorial 4 - Loading Obj Models";
			sourceTree = "<group>";
		};
		08FB7795FE84155DC02AAC07 /* Source */ = {
			isa = PBXGroup;
			children = (
				27B3BBDD1251270000A7616D /* FPSCamera.hpp */,
				27B3BBDE1251270000A7616D /* FPSCamera.cpp */,
				341689FD10DAF36B00B941D4 /* SDLMain.h */,
				341689FE10DAF36B00B941D4 /* SDLMain.m */,
				08FB7796FE84155DC02AAC07 /* main.mm */,
			);
			name = Source;
			sourceTree = "<group>";
		};
		1AB674ADFE9D54B511CA2CBB /* Products */ = {
			isa = PBXGroup;
			children = (
				27C94863124AC4300082233F /* Sample-05.app */,
			);
			name = Products;
			sourceTree = "<group>";
		};
		27C948E5124AC75A0082233F /* Resources */ = {
			isa = PBXGroup;
			children = (
				27C948E3124AC7500082233F /* cube.obj */,
			);
			name = Resources;
			sourceTree = "<group>";
		};
		341689BB10DAF29000B941D4 /* frameworks */ = {
			isa = PBXGroup;
			children = (
				27B3BBBD124D6E9900A7616D /* GLEW.framework */,
				34168A4810DAF55E00B941D4 /* OpenGL.framework */,
				341689E610DAF30900B941D4 /* SDL.framework */,
				341689E710DAF30900B941D4 /* SDL_image.framework */,
				341689B510DAF28000B941D4 /* Cocoa.framework */,
			);
			name = frameworks;
			sourceTree = "<group>";
		};
		341689EB10DAF31A00B941D4 /* Products */ = {
			isa = PBXGroup;
			children = (
				341689F210DAF31A00B941D4 /* lavish.framework */,
			);
			name = Products;
			sourceTree = "<group>";
		};
		C6859E8C029090F304C91782 /* Documentation */ = {
			isa = PBXGroup;
			children = (
			);
			name = Documentation;
			sourceTree = "<group>";
		};
/* End PBXGroup section */

/* Begin PBXNativeTarget section */
		27C94862124AC4300082233F /* Sample-05 */ = {
			isa = PBXNativeTarget;
			buildConfigurationList = 27C94868124AC4310082233F /* Build configuration list for PBXNativeTarget "Sample-05" */;
			buildPhases = (
				27C9485F124AC4300082233F /* Resources */,
				27C94860124AC4300082233F /* Sources */,
				27C94861124AC4300082233F /* Frameworks */,
				27C948FC124AC8240082233F /* Copy Frameworks */,
			);
			buildRules = (
			);
			dependencies = (
				27C948F7124AC8190082233F /* PBXTargetDependency */,
			);
			name = "Sample-05";
			productName = "Sample-4";
			productReference = 27C94863124AC4300082233F /* Sample-05.app */;
			productType = "com.apple.product-type.application";
		};
/* End PBXNativeTarget section */

/* Begin PBXProject section */
		08FB7793FE84155DC02AAC07 /* Project object */ = {
			isa = PBXProject;
			buildConfigurationList = 1DEB923508733DC60010E9CD /* Build configuration list for PBXProject "05-Input-FPS-Camera" */;
			compatibilityVersion = "Xcode 3.1";
			developmentRegion = English;
			hasScannedForEncodings = 1;
			knownRegions = (
				English,
				Japanese,
				French,
				German,
			);
			mainGroup = 08FB7794FE84155DC02AAC07 /* Tutorial 4 - Loading Obj Models */;
			projectDirPath = "";
			projectReferences = (
				{
					ProductGroup = 341689EB10DAF31A00B941D4 /* Products */;
					ProjectRef = 341689EA10DAF31A00B941D4 /* lavish.xcodeproj */;
				},
			);
			projectRoot = "";
			targets = (
				27C94862124AC4300082233F /* Sample-05 */,
			);
		};
/* End PBXProject section */

/* Begin PBXReferenceProxy section */
		341689F210DAF31A00B941D4 /* lavish.framework */ = {
			isa = PBXReferenceProxy;
			fileType = wrapper.framework;
			path = lavish.framework;
			remoteRef = 341689F110DAF31A00B941D4 /* PBXContainerItemProxy */;
			sourceTree = BUILT_PRODUCTS_DIR;
		};
/* End PBXReferenceProxy section */

/* Begin PBXResourcesBuildPhase section */
		27C9485F124AC4300082233F /* Resources */ = {
			isa = PBXResourcesBuildPhase;
			buildActionMask = 2147483647;
			files = (
				27C948E4124AC7500082233F /* cube.obj in Resources */,
				27B3BBDA125126AA00A7616D /* Sample-05-Info.plist in Resources */,
			);
			runOnlyForDeploymentPostprocessing = 0;
		};
/* End PBXResourcesBuildPhase section */

/* Begin PBXSourcesBuildPhase section */
		27C94860124AC4300082233F /* Sources */ = {
			isa = PBXSourcesBuildPhase;
			buildActionMask = 2147483647;
			files = (
				27C94869124AC43F0082233F /* SDLMain.h in Sources */,
				27C9486A124AC43F0082233F /* SDLMain.m in Sources */,
				27C9486B124AC43F0082233F /* main.mm in Sources */,
				27B3BBDF1251270000A7616D /* FPSCamera.cpp in Sources */,
			);
			runOnlyForDeploymentPostprocessing = 0;
		};
/* End PBXSourcesBuildPhase section */

/* Begin PBXTargetDependency section */
		27C948F7124AC8190082233F /* PBXTargetDependency */ = {
			isa = PBXTargetDependency;
			name = lavish;
			targetProxy = 27C948F6124AC8190082233F /* PBXContainerItemProxy */;
		};
/* End PBXTargetDependency section */

/* Begin XCBuildConfiguration section */
		1DEB923608733DC60010E9CD /* Debug */ = {
			isa = XCBuildConfiguration;
			buildSettings = {
				ARCHS = "$(ARCHS_STANDARD_32_64_BIT)";
				GCC_C_LANGUAGE_STANDARD = c99;
				GCC_OPTIMIZATION_LEVEL = 0;
				GCC_WARN_ABOUT_RETURN_TYPE = YES;
				GCC_WARN_UNUSED_VARIABLE = YES;
				ONLY_ACTIVE_ARCH = YES;
				PREBINDING = NO;
				SDKROOT = macosx10.5;
				VALID_ARCHS = "x86_64 i386";
			};
			name = Debug;
		};
		1DEB923708733DC60010E9CD /* Release */ = {
			isa = XCBuildConfiguration;
			buildSettings = {
				ARCHS = "$(ARCHS_STANDARD_32_64_BIT)";
				GCC_C_LANGUAGE_STANDARD = c99;
				GCC_WARN_ABOUT_RETURN_TYPE = YES;
				GCC_WARN_UNUSED_VARIABLE = YES;
				PREBINDING = NO;
				SDKROOT = macosx10.5;
				VALID_ARCHS = "x86_64 i386";
			};
			name = Release;
		};
		27C94866124AC4310082233F /* Debug */ = {
			isa = XCBuildConfiguration;
			buildSettings = {
				ALWAYS_SEARCH_USER_PATHS = NO;
				COPY_PHASE_STRIP = NO;
				FRAMEWORK_SEARCH_PATHS = (
					"$(inherited)",
					"\"$(SRCROOT)/../../../projects/mac/dependancies\"",
				);
				GCC_DYNAMIC_NO_PIC = NO;
				GCC_ENABLE_FIX_AND_CONTINUE = YES;
				GCC_MODEL_TUNING = G5;
				GCC_OPTIMIZATION_LEVEL = 0;
				GCC_PRECOMPILE_PREFIX_HEADER = YES;
				GCC_PREFIX_HEADER = "";
				HEADER_SEARCH_PATHS = "\"$(SRCROOT)/../../../include\"";
				INFOPLIST_FILE = "Sample-05-Info.plist";
				INSTALL_PATH = "$(HOME)/Applications";
				OTHER_LDFLAGS = "";
				PREBINDING = NO;
				PRODUCT_NAME = "Sample-05";
			};
			name = Debug;
		};
		27C94867124AC4310082233F /* Release */ = {
			isa = XCBuildConfiguration;
			buildSettings = {
				ALWAYS_SEARCH_USER_PATHS = NO;
				COPY_PHASE_STRIP = YES;
				DEBUG_INFORMATION_FORMAT = "dwarf-with-dsym";
				FRAMEWORK_SEARCH_PATHS = (
					"$(inherited)",
					"\"$(SRCROOT)/../../../projects/mac/dependancies\"",
				);
				GCC_ENABLE_FIX_AND_CONTINUE = NO;
				GCC_MODEL_TUNING = G5;
				GCC_PRECOMPILE_PREFIX_HEADER = YES;
				GCC_PREFIX_HEADER = "";
				HEADER_SEARCH_PATHS = "\"$(SRCROOT)/../../../include\"";
				INFOPLIST_FILE = "Sample-05-Info.plist";
				INSTALL_PATH = "$(HOME)/Applications";
				OTHER_LDFLAGS = "";
				PREBINDING = NO;
				PRODUCT_NAME = "Sample-05";
				ZERO_LINK = NO;
			};
			name = Release;
		};
/* End XCBuildConfiguration section */

/* Begin XCConfigurationList section */
		1DEB923508733DC60010E9CD /* Build configuration list for PBXProject "05-Input-FPS-Camera" */ = {
			isa = XCConfigurationList;
			buildConfigurations = (
				1DEB923608733DC60010E9CD /* Debug */,
				1DEB923708733DC60010E9CD /* Release */,
			);
			defaultConfigurationIsVisible = 0;
			defaultConfigurationName = Release;
		};
		27C94868124AC4310082233F /* Build configuration list for PBXNativeTarget "Sample-05" */ = {
			isa = XCConfigurationList;
			buildConfigurations = (
				27C94866124AC4310082233F /* Debug */,
				27C94867124AC4310082233F /* Release */,
			);
			defaultConfigurationIsVisible = 0;
			defaultConfigurationName = Release;
		};
/* End XCConfigurationList section */
	};
	rootObject = 08FB7793FE84155DC02AAC07 /* Project object */;
}
