// !$*UTF8*$!
{
	archiveVersion = 1;
	classes = {
	};
	objectVersion = 45;
	objects = {

/* Begin PBXBuildFile section */
		27B3BB93124D6E8000A7616D /* GLEW.framework in Frameworks */ = {isa = PBXBuildFile; fileRef = 27B3BB92124D6E8000A7616D /* GLEW.framework */; };
		27B3BB96124D6E8600A7616D /* GLEW.framework in CopyFiles */ = {isa = PBXBuildFile; fileRef = 27B3BB92124D6E8000A7616D /* GLEW.framework */; };
		27C8A0DB124D3C80009FD473 /* SDL.framework in Frameworks */ = {isa = PBXBuildFile; fileRef = 341689E610DAF30900B941D4 /* SDL.framework */; };
		27C8A0DC124D3C80009FD473 /* SDL_image.framework in Frameworks */ = {isa = PBXBuildFile; fileRef = 341689E710DAF30900B941D4 /* SDL_image.framework */; };
		27C8A0DD124D3C80009FD473 /* Cocoa.framework in Frameworks */ = {isa = PBXBuildFile; fileRef = 341689B510DAF28000B941D4 /* Cocoa.framework */; };
		27C8A0DE124D3C89009FD473 /* SDLMain.m in Sources */ = {isa = PBXBuildFile; fileRef = 341689FE10DAF36B00B941D4 /* SDLMain.m */; };
		27C8A0DF124D3C89009FD473 /* main.mm in Sources */ = {isa = PBXBuildFile; fileRef = 08FB7796FE84155DC02AAC07 /* main.mm */; };
		27C8A0E3124D3CAF009FD473 /* Shader.frag in Resources */ = {isa = PBXBuildFile; fileRef = 27C8A0E1124D3CAF009FD473 /* Shader.frag */; };
		27C8A0E4124D3CAF009FD473 /* Shader.vert in Resources */ = {isa = PBXBuildFile; fileRef = 27C8A0E2124D3CAF009FD473 /* Shader.vert */; };
		27C8A0E7124D3CF2009FD473 /* lavish.framework in Frameworks */ = {isa = PBXBuildFile; fileRef = 341689F210DAF31A00B941D4 /* lavish.framework */; };
		27C8A0F9124D3D0B009FD473 /* SDL.framework in CopyFiles */ = {isa = PBXBuildFile; fileRef = 341689E610DAF30900B941D4 /* SDL.framework */; };
		27C8A0FA124D3D0B009FD473 /* SDL_image.framework in CopyFiles */ = {isa = PBXBuildFile; fileRef = 341689E710DAF30900B941D4 /* SDL_image.framework */; };
		27C8A0FB124D3D0E009FD473 /* lavish.framework in CopyFiles */ = {isa = PBXBuildFile; fileRef = 341689F210DAF31A00B941D4 /* lavish.framework */; };
		27C8A132124D3D7D009FD473 /* OpenGL.framework in Frameworks */ = {isa = PBXBuildFile; fileRef = 34168A4810DAF55E00B941D4 /* OpenGL.framework */; };
/* End PBXBuildFile section */

/* Begin PBXContainerItemProxy section */
		27C8A0E5124D3CE2009FD473 /* PBXContainerItemProxy */ = {
			isa = PBXContainerItemProxy;
			containerPortal = 341689EA10DAF31A00B941D4 /* lavish.xcodeproj */;
			proxyType = 1;
			remoteGlobalIDString = 8DC2EF4F0486A6940098B216;
			remoteInfo = lavish;
		};
		341689F110DAF31A00B941D4 /* PBXContainerItemProxy */ = {
			isa = PBXContainerItemProxy;
			containerPortal = 341689EA10DAF31A00B941D4 /* lavish.xcodeproj */;
			proxyType = 2;
			remoteGlobalIDString = 8DC2EF5B0486A6940098B216;
			remoteInfo = lavish;
		};
/* End PBXContainerItemProxy section */

/* Begin PBXCopyFilesBuildPhase section */
		27C8A0FE124D3D2C009FD473 /* CopyFiles */ = {
			isa = PBXCopyFilesBuildPhase;
			buildActionMask = 2147483647;
			dstPath = "";
			dstSubfolderSpec = 10;
			files = (
				27B3BB96124D6E8600A7616D /* GLEW.framework in CopyFiles */,
				27C8A0FB124D3D0E009FD473 /* lavish.framework in CopyFiles */,
				27C8A0F9124D3D0B009FD473 /* SDL.framework in CopyFiles */,
				27C8A0FA124D3D0B009FD473 /* SDL_image.framework in CopyFiles */,
			);
			runOnlyForDeploymentPostprocessing = 0;
		};
/* End PBXCopyFilesBuildPhase section */

/* Begin PBXFileReference section */
		08FB7796FE84155DC02AAC07 /* main.mm */ = {isa = PBXFileReference; fileEncoding = 4; lastKnownFileType = sourcecode.cpp.objcpp; path = main.mm; sourceTree = "<group>"; };
		27B3BB92124D6E8000A7616D /* GLEW.framework */ = {isa = PBXFileReference; lastKnownFileType = wrapper.framework; name = GLEW.framework; path = ../../../projects/mac/dependancies/GLEW.framework; sourceTree = SOURCE_ROOT; };
		27C8A0AA124D3C46009FD473 /* Sample-03.app */ = {isa = PBXFileReference; explicitFileType = wrapper.application; includeInIndex = 0; path = "Sample-03.app"; sourceTree = BUILT_PRODUCTS_DIR; };
		27C8A0AC124D3C46009FD473 /* Sample-03-Info.plist */ = {isa = PBXFileReference; lastKnownFileType = text.plist.xml; path = "Sample-03-Info.plist"; sourceTree = "<group>"; };
		27C8A0E1124D3CAF009FD473 /* Shader.frag */ = {isa = PBXFileReference; fileEncoding = 4; lastKnownFileType = sourcecode.glsl; name = Shader.frag; path = ../../data/Shader.frag; sourceTree = SOURCE_ROOT; };
		27C8A0E2124D3CAF009FD473 /* Shader.vert */ = {isa = PBXFileReference; fileEncoding = 4; lastKnownFileType = sourcecode.glsl; name = Shader.vert; path = ../../data/Shader.vert; sourceTree = SOURCE_ROOT; };
		341689B510DAF28000B941D4 /* Cocoa.framework */ = {isa = PBXFileReference; lastKnownFileType = wrapper.framework; name = Cocoa.framework; path = System/Library/Frameworks/Cocoa.framework; sourceTree = SDKROOT; };
		341689E610DAF30900B941D4 /* SDL.framework */ = {isa = PBXFileReference; lastKnownFileType = wrapper.framework; name = SDL.framework; path = ../../../projects/mac/dependancies/SDL.framework; sourceTree = SOURCE_ROOT; };
		341689E710DAF30900B941D4 /* SDL_image.framework */ = {isa = PBXFileReference; lastKnownFileType = wrapper.framework; name = SDL_image.framework; path = ../../../projects/mac/dependancies/SDL_image.framework; sourceTree = SOURCE_ROOT; };
		341689EA10DAF31A00B941D4 /* lavish.xcodeproj */ = {isa = PBXFileReference; lastKnownFileType = "wrapper.pb-project"; name = lavish.xcodeproj; path = ../../../projects/mac/lavish.xcodeproj; sourceTree = SOURCE_ROOT; };
		341689FE10DAF36B00B941D4 /* SDLMain.m */ = {isa = PBXFileReference; fileEncoding = 4; lastKnownFileType = sourcecode.c.objc; name = SDLMain.m; path = ../../../projects/mac/dependancies/SDLMain.m; sourceTree = SOURCE_ROOT; };
		34168A4810DAF55E00B941D4 /* OpenGL.framework */ = {isa = PBXFileReference; lastKnownFileType = wrapper.framework; name = OpenGL.framework; path = System/Library/Frameworks/OpenGL.framework; sourceTree = SDKROOT; };
/* End PBXFileReference section */

/* Begin PBXFrameworksBuildPhase section */
		27C8A0A8124D3C46009FD473 /* Frameworks */ = {
			isa = PBXFrameworksBuildPhase;
			buildActionMask = 2147483647;
			files = (
				27B3BB93124D6E8000A7616D /* GLEW.framework in Frameworks */,
				27C8A132124D3D7D009FD473 /* OpenGL.framework in Frameworks */,
				27C8A0E7124D3CF2009FD473 /* lavish.framework in Frameworks */,
				27C8A0DB124D3C80009FD473 /* SDL.framework in Frameworks */,
				27C8A0DC124D3C80009FD473 /* SDL_image.framework in Frameworks */,
				27C8A0DD124D3C80009FD473 /* Cocoa.framework in Frameworks */,
			);
			runOnlyForDeploymentPostprocessing = 0;
		};
/* End PBXFrameworksBuildPhase section */

/* Begin PBXGroup section */
		08FB7794FE84155DC02AAC07 /* Tutorial 3 - Using Shaders */ = {
			isa = PBXGroup;
			children = (
				27C8A0E0124D3C9E009FD473 /* Data */,
				341689EA10DAF31A00B941D4 /* lavish.xcodeproj */,
				341689BB10DAF29000B941D4 /* frameworks */,
				08FB7795FE84155DC02AAC07 /* Source */,
				1AB674ADFE9D54B511CA2CBB /* Products */,
				27C8A0AC124D3C46009FD473 /* Sample-03-Info.plist */,
			);
			name = "Tutorial 3 - Using Shaders";
			sourceTree = "<group>";
		};
		08FB7795FE84155DC02AAC07 /* Source */ = {
			isa = PBXGroup;
			children = (
				341689FE10DAF36B00B941D4 /* SDLMain.m */,
				08FB7796FE84155DC02AAC07 /* main.mm */,
			);
			name = Source;
			sourceTree = "<group>";
		};
		1AB674ADFE9D54B511CA2CBB /* Products */ = {
			isa = PBXGroup;
			children = (
				27C8A0AA124D3C46009FD473 /* Sample-03.app */,
			);
			name = Products;
			sourceTree = "<group>";
		};
		27C8A0E0124D3C9E009FD473 /* Data */ = {
			isa = PBXGroup;
			children = (
				27C8A0E1124D3CAF009FD473 /* Shader.frag */,
				27C8A0E2124D3CAF009FD473 /* Shader.vert */,
			);
			name = Data;
			sourceTree = "<group>";
		};
		341689BB10DAF29000B941D4 /* frameworks */ = {
			isa = PBXGroup;
			children = (
				27B3BB92124D6E8000A7616D /* GLEW.framework */,
				341689E610DAF30900B941D4 /* SDL.framework */,
				341689E710DAF30900B941D4 /* SDL_image.framework */,
				341689B510DAF28000B941D4 /* Cocoa.framework */,
				34168A4810DAF55E00B941D4 /* OpenGL.framework */,
			);
			name = frameworks;
			sourceTree = "<group>";
		};
		341689EB10DAF31A00B941D4 /* Products */ = {
			isa = PBXGroup;
			children = (
				341689F210DAF31A00B941D4 /* lavish.framework */,
			);
			name = Products;
			sourceTree = "<group>";
		};
/* End PBXGroup section */

/* Begin PBXNativeTarget section */
		27C8A0A9124D3C46009FD473 /* Sample-03 */ = {
			isa = PBXNativeTarget;
			buildConfigurationList = 27C8A0AF124D3C47009FD473 /* Build configuration list for PBXNativeTarget "Sample-03" */;
			buildPhases = (
				27C8A0A6124D3C46009FD473 /* Resources */,
				27C8A0A7124D3C46009FD473 /* Sources */,
				27C8A0A8124D3C46009FD473 /* Frameworks */,
				27C8A0FE124D3D2C009FD473 /* CopyFiles */,
			);
			buildRules = (
			);
			dependencies = (
				27C8A0E6124D3CE2009FD473 /* PBXTargetDependency */,
			);
			name = "Sample-03";
			productName = "Sample-03";
			productReference = 27C8A0AA124D3C46009FD473 /* Sample-03.app */;
			productType = "com.apple.product-type.application";
		};
/* End PBXNativeTarget section */

/* Begin PBXProject section */
		08FB7793FE84155DC02AAC07 /* Project object */ = {
			isa = PBXProject;
			buildConfigurationList = 1DEB923508733DC60010E9CD /* Build configuration list for PBXProject "03-Using-Shaders" */;
			compatibilityVersion = "Xcode 3.1";
			developmentRegion = English;
			hasScannedForEncodings = 1;
			knownRegions = (
				English,
				Japanese,
				French,
				German,
			);
			mainGroup = 08FB7794FE84155DC02AAC07 /* Tutorial 3 - Using Shaders */;
			projectDirPath = "";
			projectReferences = (
				{
					ProductGroup = 341689EB10DAF31A00B941D4 /* Products */;
					ProjectRef = 341689EA10DAF31A00B941D4 /* lavish.xcodeproj */;
				},
			);
			projectRoot = "";
			targets = (
				27C8A0A9124D3C46009FD473 /* Sample-03 */,
			);
		};
/* End PBXProject section */

/* Begin PBXReferenceProxy section */
		341689F210DAF31A00B941D4 /* lavish.framework */ = {
			isa = PBXReferenceProxy;
			fileType = wrapper.framework;
			path = lavish.framework;
			remoteRef = 341689F110DAF31A00B941D4 /* PBXContainerItemProxy */;
			sourceTree = BUILT_PRODUCTS_DIR;
		};
/* End PBXReferenceProxy section */

/* Begin PBXResourcesBuildPhase section */
		27C8A0A6124D3C46009FD473 /* Resources */ = {
			isa = PBXResourcesBuildPhase;
			buildActionMask = 2147483647;
			files = (
				27C8A0E3124D3CAF009FD473 /* Shader.frag in Resources */,
				27C8A0E4124D3CAF009FD473 /* Shader.vert in Resources */,
			);
			runOnlyForDeploymentPostprocessing = 0;
		};
/* End PBXResourcesBuildPhase section */

/* Begin PBXSourcesBuildPhase section */
		27C8A0A7124D3C46009FD473 /* Sources */ = {
			isa = PBXSourcesBuildPhase;
			buildActionMask = 2147483647;
			files = (
				27C8A0DE124D3C89009FD473 /* SDLMain.m in Sources */,
				27C8A0DF124D3C89009FD473 /* main.mm in Sources */,
			);
			runOnlyForDeploymentPostprocessing = 0;
		};
/* End PBXSourcesBuildPhase section */

/* Begin PBXTargetDependency section */
		27C8A0E6124D3CE2009FD473 /* PBXTargetDependency */ = {
			isa = PBXTargetDependency;
			name = lavish;
			targetProxy = 27C8A0E5124D3CE2009FD473 /* PBXContainerItemProxy */;
		};
/* End PBXTargetDependency section */

/* Begin XCBuildConfiguration section */
		1DEB923608733DC60010E9CD /* Debug */ = {
			isa = XCBuildConfiguration;
			buildSettings = {
				ARCHS = "$(ARCHS_STANDARD_32_BIT)";
				GCC_C_LANGUAGE_STANDARD = c99;
				GCC_OPTIMIZATION_LEVEL = 0;
				GCC_WARN_ABOUT_RETURN_TYPE = YES;
				GCC_WARN_UNUSED_VARIABLE = YES;
				ONLY_ACTIVE_ARCH = YES;
				PREBINDING = NO;
				SDKROOT = macosx10.5;
			};
			name = Debug;
		};
		1DEB923708733DC60010E9CD /* Release */ = {
			isa = XCBuildConfiguration;
			buildSettings = {
				ARCHS = "$(ARCHS_STANDARD_32_BIT)";
				GCC_C_LANGUAGE_STANDARD = c99;
				GCC_WARN_ABOUT_RETURN_TYPE = YES;
				GCC_WARN_UNUSED_VARIABLE = YES;
				PREBINDING = NO;
				SDKROOT = macosx10.5;
			};
			name = Release;
		};
		27C8A0AD124D3C46009FD473 /* Debug */ = {
			isa = XCBuildConfiguration;
			buildSettings = {
				ALWAYS_SEARCH_USER_PATHS = NO;
				ARCHS = "$(ARCHS_STANDARD_32_64_BIT)";
				COPY_PHASE_STRIP = NO;
				FRAMEWORK_SEARCH_PATHS = (
					"$(inherited)",
					"\"$(SRCROOT)/../../../projects/mac/dependancies\"",
				);
				GCC_DYNAMIC_NO_PIC = NO;
				GCC_ENABLE_FIX_AND_CONTINUE = YES;
				GCC_MODEL_TUNING = G5;
				GCC_OPTIMIZATION_LEVEL = 0;
				GCC_PRECOMPILE_PREFIX_HEADER = YES;
				GCC_PREFIX_HEADER = "";
				HEADER_SEARCH_PATHS = "\"$(SRCROOT)/../../../include\"";
				INFOPLIST_FILE = "Sample-03-Info.plist";
				INSTALL_PATH = "$(HOME)/Applications";
				OTHER_LDFLAGS = (
					"-framework",
					Foundation,
					"-framework",
					AppKit,
				);
				PREBINDING = NO;
				PRODUCT_NAME = "Sample-03";
				VALID_ARCHS = "i386 x86_64";
			};
			name = Debug;
		};
		27C8A0AE124D3C46009FD473 /* Release */ = {
			isa = XCBuildConfiguration;
			buildSettings = {
				ALWAYS_SEARCH_USER_PATHS = NO;
				ARCHS = "$(ARCHS_STANDARD_32_64_BIT)";
				COPY_PHASE_STRIP = YES;
				DEBUG_INFORMATION_FORMAT = "dwarf-with-dsym";
				FRAMEWORK_SEARCH_PATHS = (
					"$(inherited)",
					"\"$(SRCROOT)/../../../projects/mac/dependancies\"",
				);
				GCC_ENABLE_FIX_AND_CONTINUE = NO;
				GCC_MODEL_TUNING = G5;
				GCC_PRECOMPILE_PREFIX_HEADER = YES;
				GCC_PREFIX_HEADER = "";
				HEADER_SEARCH_PATHS = "\"$(SRCROOT)/../../../include\"";
				INFOPLIST_FILE = "Sample-03-Info.plist";
				INSTALL_PATH = "$(HOME)/Applications";
				OTHER_LDFLAGS = (
					"-framework",
					Foundation,
					"-framework",
					AppKit,
				);
				PREBINDING = NO;
				PRODUCT_NAME = "Sample-03";
				VALID_ARCHS = "i386 x86_64";
				ZERO_LINK = NO;
			};
			name = Release;
		};
/* End XCBuildConfiguration section */

/* Begin XCConfigurationList section */
		1DEB923508733DC60010E9CD /* Build configuration list for PBXProject "03-Using-Shaders" */ = {
			isa = XCConfigurationList;
			buildConfigurations = (
				1DEB923608733DC60010E9CD /* Debug */,
				1DEB923708733DC60010E9CD /* Release */,
			);
			defaultConfigurationIsVisible = 0;
			defaultConfigurationName = Release;
		};
		27C8A0AF124D3C47009FD473 /* Build configuration list for PBXNativeTarget "Sample-03" */ = {
			isa = XCConfigurationList;
			buildConfigurations = (
				27C8A0AD124D3C46009FD473 /* Debug */,
				27C8A0AE124D3C46009FD473 /* Release */,
			);
			defaultConfigurationIsVisible = 0;
			defaultConfigurationName = Release;
		};
/* End XCConfigurationList section */
	};
	rootObject = 08FB7793FE84155DC02AAC07 /* Project object */;
}
