// !$*UTF8*$!
{
	archiveVersion = 1;
	classes = {
	};
	objectVersion = 45;
	objects = {

/* Begin PBXBuildFile section */
		3416868010DADDAF00B941D4 /* color.cpp in Sources */ = {isa = PBXBuildFile; fileRef = 3416867010DADDAF00B941D4 /* color.cpp */; };
		3416868110DADDAF00B941D4 /* rectangle.cpp in Sources */ = {isa = PBXBuildFile; fileRef = 3416867110DADDAF00B941D4 /* rectangle.cpp */; };
		3416868210DADDAF00B941D4 /* display.cpp in Sources */ = {isa = PBXBuildFile; fileRef = 3416867310DADDAF00B941D4 /* display.cpp */; };
		3416868310DADDAF00B941D4 /* eventListener.cpp in Sources */ = {isa = PBXBuildFile; fileRef = 3416867410DADDAF00B941D4 /* eventListener.cpp */; };
		3416868410DADDAF00B941D4 /* keyboard.cpp in Sources */ = {isa = PBXBuildFile; fileRef = 3416867510DADDAF00B941D4 /* keyboard.cpp */; };
		3416868510DADDAF00B941D4 /* mouse.cpp in Sources */ = {isa = PBXBuildFile; fileRef = 3416867610DADDAF00B941D4 /* mouse.cpp */; };
		3416868610DADDAF00B941D4 /* resource.cpp in Sources */ = {isa = PBXBuildFile; fileRef = 3416867710DADDAF00B941D4 /* resource.cpp */; };
		3416868710DADDAF00B941D4 /* stateManager.cpp in Sources */ = {isa = PBXBuildFile; fileRef = 3416867810DADDAF00B941D4 /* stateManager.cpp */; };
		3416868810DADDAF00B941D4 /* timer.cpp in Sources */ = {isa = PBXBuildFile; fileRef = 3416867910DADDAF00B941D4 /* timer.cpp */; };
		3416868910DADDAF00B941D4 /* sprite.cpp in Sources */ = {isa = PBXBuildFile; fileRef = 3416867B10DADDAF00B941D4 /* sprite.cpp */; };
		3416868A10DADDAF00B941D4 /* texture.cpp in Sources */ = {isa = PBXBuildFile; fileRef = 3416867C10DADDAF00B941D4 /* texture.cpp */; };
		3416868B10DADDAF00B941D4 /* vertexFormats.cpp in Sources */ = {isa = PBXBuildFile; fileRef = 3416867D10DADDAF00B941D4 /* vertexFormats.cpp */; };
		3416868C10DADDAF00B941D4 /* matrix.cpp in Sources */ = {isa = PBXBuildFile; fileRef = 3416867F10DADDAF00B941D4 /* matrix.cpp */; };
		341687DE10DADE3000B941D4 /* SDL.framework in Frameworks */ = {isa = PBXBuildFile; fileRef = 341687DB10DADE3000B941D4 /* SDL.framework */; };
		341687DF10DADE3000B941D4 /* SDL_image.framework in Frameworks */ = {isa = PBXBuildFile; fileRef = 341687DC10DADE3000B941D4 /* SDL_image.framework */; };
		3416881910DADE6C00B941D4 /* OpenGL.framework in Frameworks */ = {isa = PBXBuildFile; fileRef = 3416881810DADE6C00B941D4 /* OpenGL.framework */; };
		3437E6AF1135FE5D0090CE53 /* common in Headers */ = {isa = PBXBuildFile; fileRef = 3437E68F1135FC280090CE53 /* common */; settings = {ATTRIBUTES = (Public, ); }; };
		3437E6B01135FE5D0090CE53 /* core in Headers */ = {isa = PBXBuildFile; fileRef = 3437E6901135FC280090CE53 /* core */; settings = {ATTRIBUTES = (Public, ); }; };
		3437E6B11135FE5D0090CE53 /* graphics in Headers */ = {isa = PBXBuildFile; fileRef = 3437E6911135FC280090CE53 /* graphics */; settings = {ATTRIBUTES = (Public, ); }; };
		3437E6B21135FE5D0090CE53 /* math in Headers */ = {isa = PBXBuildFile; fileRef = 3437E6921135FC280090CE53 /* math */; settings = {ATTRIBUTES = (Public, ); }; };
		34D8CBCC10F8059200EBF296 /* exception.cpp in Sources */ = {isa = PBXBuildFile; fileRef = 34D8CBCB10F8059200EBF296 /* exception.cpp */; };
		34D8CBDC10F807DB00EBF296 /* model.cpp in Sources */ = {isa = PBXBuildFile; fileRef = 34D8CBDB10F807DB00EBF296 /* model.cpp */; };
		34DCA823113638170022D17E /* glew.c in Sources */ = {isa = PBXBuildFile; fileRef = 34DCA822113638170022D17E /* glew.c */; };
		34DCA83B1136391E0022D17E /* misc in Headers */ = {isa = PBXBuildFile; fileRef = 34DCA8361136391E0022D17E /* misc */; settings = {ATTRIBUTES = (Public, ); }; };
		34F714B510E048B30053AD37 /* shader.cpp in Sources */ = {isa = PBXBuildFile; fileRef = 34F714B410E048B30053AD37 /* shader.cpp */; };
		34F714ED10E163D90053AD37 /* shaderSet.cpp in Sources */ = {isa = PBXBuildFile; fileRef = 34F714EC10E163D90053AD37 /* shaderSet.cpp */; };
		8DC2EF530486A6940098B216 /* InfoPlist.strings in Resources */ = {isa = PBXBuildFile; fileRef = 089C1666FE841158C02AAC07 /* InfoPlist.strings */; };
		8DC2EF570486A6940098B216 /* Cocoa.framework in Frameworks */ = {isa = PBXBuildFile; fileRef = 1058C7B1FEA5585E11CA2CBB /* Cocoa.framework */; };
/* End PBXBuildFile section */

/* Begin PBXFileReference section */
		089C1667FE841158C02AAC07 /* English */ = {isa = PBXFileReference; fileEncoding = 10; lastKnownFileType = text.plist.strings; name = English; path = English.lproj/InfoPlist.strings; sourceTree = "<group>"; };
		1058C7B1FEA5585E11CA2CBB /* Cocoa.framework */ = {isa = PBXFileReference; lastKnownFileType = wrapper.framework; name = Cocoa.framework; path = /System/Library/Frameworks/Cocoa.framework; sourceTree = "<absolute>"; };
		32DBCF5E0370ADEE00C91783 /* lavish_Prefix.pch */ = {isa = PBXFileReference; fileEncoding = 4; lastKnownFileType = sourcecode.c.h; path = lavish_Prefix.pch; sourceTree = "<group>"; };
		3416867010DADDAF00B941D4 /* color.cpp */ = {isa = PBXFileReference; fileEncoding = 4; lastKnownFileType = sourcecode.cpp.cpp; name = color.cpp; path = ../../src/common/color.cpp; sourceTree = SOURCE_ROOT; };
		3416867110DADDAF00B941D4 /* rectangle.cpp */ = {isa = PBXFileReference; fileEncoding = 4; lastKnownFileType = sourcecode.cpp.cpp; name = rectangle.cpp; path = ../../src/common/rectangle.cpp; sourceTree = SOURCE_ROOT; };
		3416867310DADDAF00B941D4 /* display.cpp */ = {isa = PBXFileReference; fileEncoding = 4; lastKnownFileType = sourcecode.cpp.cpp; name = display.cpp; path = ../../src/core/display.cpp; sourceTree = SOURCE_ROOT; };
		3416867410DADDAF00B941D4 /* eventListener.cpp */ = {isa = PBXFileReference; fileEncoding = 4; lastKnownFileType = sourcecode.cpp.cpp; name = eventListener.cpp; path = ../../src/core/eventListener.cpp; sourceTree = SOURCE_ROOT; };
		3416867510DADDAF00B941D4 /* keyboard.cpp */ = {isa = PBXFileReference; fileEncoding = 4; lastKnownFileType = sourcecode.cpp.cpp; name = keyboard.cpp; path = ../../src/core/keyboard.cpp; sourceTree = SOURCE_ROOT; };
		3416867610DADDAF00B941D4 /* mouse.cpp */ = {isa = PBXFileReference; fileEncoding = 4; lastKnownFileType = sourcecode.cpp.cpp; name = mouse.cpp; path = ../../src/core/mouse.cpp; sourceTree = SOURCE_ROOT; };
		3416867710DADDAF00B941D4 /* resource.cpp */ = {isa = PBXFileReference; fileEncoding = 4; lastKnownFileType = sourcecode.cpp.cpp; name = resource.cpp; path = ../../src/core/resource.cpp; sourceTree = SOURCE_ROOT; };
		3416867810DADDAF00B941D4 /* stateManager.cpp */ = {isa = PBXFileReference; fileEncoding = 4; lastKnownFileType = sourcecode.cpp.cpp; name = stateManager.cpp; path = ../../src/core/stateManager.cpp; sourceTree = SOURCE_ROOT; };
		3416867910DADDAF00B941D4 /* timer.cpp */ = {isa = PBXFileReference; fileEncoding = 4; lastKnownFileType = sourcecode.cpp.cpp; name = timer.cpp; path = ../../src/core/timer.cpp; sourceTree = SOURCE_ROOT; };
		3416867B10DADDAF00B941D4 /* sprite.cpp */ = {isa = PBXFileReference; fileEncoding = 4; lastKnownFileType = sourcecode.cpp.cpp; name = sprite.cpp; path = ../../src/graphics/sprite.cpp; sourceTree = SOURCE_ROOT; };
		3416867C10DADDAF00B941D4 /* texture.cpp */ = {isa = PBXFileReference; fileEncoding = 4; lastKnownFileType = sourcecode.cpp.cpp; name = texture.cpp; path = ../../src/graphics/texture.cpp; sourceTree = SOURCE_ROOT; };
		3416867D10DADDAF00B941D4 /* vertexFormats.cpp */ = {isa = PBXFileReference; fileEncoding = 4; lastKnownFileType = sourcecode.cpp.cpp; name = vertexFormats.cpp; path = ../../src/graphics/vertexFormats.cpp; sourceTree = SOURCE_ROOT; };
		3416867F10DADDAF00B941D4 /* matrix.cpp */ = {isa = PBXFileReference; fileEncoding = 4; lastKnownFileType = sourcecode.cpp.cpp; name = matrix.cpp; path = ../../src/math/matrix.cpp; sourceTree = SOURCE_ROOT; };
		341687DB10DADE3000B941D4 /* SDL.framework */ = {isa = PBXFileReference; lastKnownFileType = wrapper.framework; name = SDL.framework; path = dependancies/SDL.framework; sourceTree = SOURCE_ROOT; };
		341687DC10DADE3000B941D4 /* SDL_image.framework */ = {isa = PBXFileReference; lastKnownFileType = wrapper.framework; name = SDL_image.framework; path = dependancies/SDL_image.framework; sourceTree = SOURCE_ROOT; };
		3416881810DADE6C00B941D4 /* OpenGL.framework */ = {isa = PBXFileReference; lastKnownFileType = wrapper.framework; name = OpenGL.framework; path = System/Library/Frameworks/OpenGL.framework; sourceTree = SDKROOT; };
		3437E68F1135FC280090CE53 /* common */ = {isa = PBXFileReference; lastKnownFileType = folder; name = common; path = ../../include/lavish/common; sourceTree = SOURCE_ROOT; };
		3437E6901135FC280090CE53 /* core */ = {isa = PBXFileReference; lastKnownFileType = folder; name = core; path = ../../include/lavish/core; sourceTree = SOURCE_ROOT; };
		3437E6911135FC280090CE53 /* graphics */ = {isa = PBXFileReference; lastKnownFileType = folder; name = graphics; path = ../../include/lavish/graphics; sourceTree = SOURCE_ROOT; };
		3437E6921135FC280090CE53 /* math */ = {isa = PBXFileReference; lastKnownFileType = folder; name = math; path = ../../include/lavish/math; sourceTree = SOURCE_ROOT; };
		34D8CBCB10F8059200EBF296 /* exception.cpp */ = {isa = PBXFileReference; fileEncoding = 4; lastKnownFileType = sourcecode.cpp.cpp; path = exception.cpp; sourceTree = "<group>"; };
		34D8CBDB10F807DB00EBF296 /* model.cpp */ = {isa = PBXFileReference; fileEncoding = 4; lastKnownFileType = sourcecode.cpp.cpp; path = model.cpp; sourceTree = "<group>"; };
		34DCA822113638170022D17E /* glew.c */ = {isa = PBXFileReference; fileEncoding = 4; lastKnownFileType = sourcecode.c.c; name = glew.c; path = misc/glew.c; sourceTree = "<group>"; };
		34DCA8361136391E0022D17E /* misc */ = {isa = PBXFileReference; lastKnownFileType = folder; name = misc; path = ../../include/lavish/misc; sourceTree = SOURCE_ROOT; };
		34F714B410E048B30053AD37 /* shader.cpp */ = {isa = PBXFileReference; fileEncoding = 4; lastKnownFileType = sourcecode.cpp.cpp; path = shader.cpp; sourceTree = "<group>"; };
		34F714EC10E163D90053AD37 /* shaderSet.cpp */ = {isa = PBXFileReference; fileEncoding = 4; lastKnownFileType = sourcecode.cpp.cpp; path = shaderSet.cpp; sourceTree = "<group>"; };
		8DC2EF5A0486A6940098B216 /* Info.plist */ = {isa = PBXFileReference; fileEncoding = 4; lastKnownFileType = text.plist.xml; path = Info.plist; sourceTree = "<group>"; };
		8DC2EF5B0486A6940098B216 /* lavish.framework */ = {isa = PBXFileReference; explicitFileType = wrapper.framework; includeInIndex = 0; path = lavish.framework; sourceTree = BUILT_PRODUCTS_DIR; };
/* End PBXFileReference section */

/* Begin PBXFrameworksBuildPhase section */
		8DC2EF560486A6940098B216 /* Frameworks */ = {
			isa = PBXFrameworksBuildPhase;
			buildActionMask = 2147483647;
			files = (
				8DC2EF570486A6940098B216 /* Cocoa.framework in Frameworks */,
				341687DE10DADE3000B941D4 /* SDL.framework in Frameworks */,
				341687DF10DADE3000B941D4 /* SDL_image.framework in Frameworks */,
				3416881910DADE6C00B941D4 /* OpenGL.framework in Frameworks */,
			);
			runOnlyForDeploymentPostprocessing = 0;
		};
/* End PBXFrameworksBuildPhase section */

/* Begin PBXGroup section */
		034768DFFF38A50411DB9C8B /* Products */ = {
			isa = PBXGroup;
			children = (
				8DC2EF5B0486A6940098B216 /* lavish.framework */,
			);
			name = Products;
			sourceTree = "<group>";
		};
		0867D691FE84028FC02AAC07 /* lavish */ = {
			isa = PBXGroup;
			children = (
				3437E68E1135FC080090CE53 /* headers */,
				341688CB10DAE3F300B941D4 /* other */,
				3416866E10DADDAF00B941D4 /* src */,
				0867D69AFE84028FC02AAC07 /* External Frameworks and Libraries */,
				034768DFFF38A50411DB9C8B /* Products */,
			);
			name = lavish;
			sourceTree = "<group>";
		};
		0867D69AFE84028FC02AAC07 /* External Frameworks and Libraries */ = {
			isa = PBXGroup;
			children = (
				3416881810DADE6C00B941D4 /* OpenGL.framework */,
				341687DB10DADE3000B941D4 /* SDL.framework */,
				341687DC10DADE3000B941D4 /* SDL_image.framework */,
				1058C7B1FEA5585E11CA2CBB /* Cocoa.framework */,
			);
			name = "External Frameworks and Libraries";
			sourceTree = "<group>";
		};
		3416866E10DADDAF00B941D4 /* src */ = {
			isa = PBXGroup;
			children = (
				34DCA8241136381D0022D17E /* misc */,
				3416866F10DADDAF00B941D4 /* common */,
				3416867210DADDAF00B941D4 /* core */,
				3416867A10DADDAF00B941D4 /* graphics */,
				3416867E10DADDAF00B941D4 /* math */,
			);
			name = src;
			path = ../../src;
			sourceTree = SOURCE_ROOT;
		};
		3416866F10DADDAF00B941D4 /* common */ = {
			isa = PBXGroup;
			children = (
				3416867010DADDAF00B941D4 /* color.cpp */,
				3416867110DADDAF00B941D4 /* rectangle.cpp */,
			);
			name = common;
			path = ../../src/common;
			sourceTree = SOURCE_ROOT;
		};
		3416867210DADDAF00B941D4 /* core */ = {
			isa = PBXGroup;
			children = (
				34D8CBCB10F8059200EBF296 /* exception.cpp */,
				3416867310DADDAF00B941D4 /* display.cpp */,
				3416867410DADDAF00B941D4 /* eventListener.cpp */,
				3416867510DADDAF00B941D4 /* keyboard.cpp */,
				3416867610DADDAF00B941D4 /* mouse.cpp */,
				3416867710DADDAF00B941D4 /* resource.cpp */,
				3416867810DADDAF00B941D4 /* stateManager.cpp */,
				3416867910DADDAF00B941D4 /* timer.cpp */,
			);
			name = core;
			path = ../../src/core;
			sourceTree = SOURCE_ROOT;
		};
		3416867A10DADDAF00B941D4 /* graphics */ = {
			isa = PBXGroup;
			children = (
				34D8CBDB10F807DB00EBF296 /* model.cpp */,
				34F714EC10E163D90053AD37 /* shaderSet.cpp */,
				34F714B410E048B30053AD37 /* shader.cpp */,
				3416867B10DADDAF00B941D4 /* sprite.cpp */,
				3416867C10DADDAF00B941D4 /* texture.cpp */,
				3416867D10DADDAF00B941D4 /* vertexFormats.cpp */,
			);
			name = graphics;
			path = ../../src/graphics;
			sourceTree = SOURCE_ROOT;
		};
		3416867E10DADDAF00B941D4 /* math */ = {
			isa = PBXGroup;
			children = (
				3416867F10DADDAF00B941D4 /* matrix.cpp */,
			);
			name = math;
			path = ../../src/math;
			sourceTree = SOURCE_ROOT;
		};
		341688CB10DAE3F300B941D4 /* other */ = {
			isa = PBXGroup;
			children = (
				8DC2EF5A0486A6940098B216 /* Info.plist */,
				089C1666FE841158C02AAC07 /* InfoPlist.strings */,
				32DBCF5E0370ADEE00C91783 /* lavish_Prefix.pch */,
			);
			name = other;
			sourceTree = "<group>";
		};
		3437E68E1135FC080090CE53 /* headers */ = {
			isa = PBXGroup;
			children = (
				34DCA8361136391E0022D17E /* misc */,
				3437E68F1135FC280090CE53 /* common */,
				3437E6901135FC280090CE53 /* core */,
				3437E6911135FC280090CE53 /* graphics */,
				3437E6921135FC280090CE53 /* math */,
			);
			name = headers;
			sourceTree = "<group>";
		};
		34DCA8241136381D0022D17E /* misc */ = {
			isa = PBXGroup;
			children = (
				34DCA822113638170022D17E /* glew.c */,
			);
			name = misc;
			sourceTree = "<group>";
		};
/* End PBXGroup section */

/* Begin PBXHeadersBuildPhase section */
		8DC2EF500486A6940098B216 /* Headers */ = {
			isa = PBXHeadersBuildPhase;
			buildActionMask = 2147483647;
			files = (
				34DCA83B1136391E0022D17E /* misc in Headers */,
				3437E6AF1135FE5D0090CE53 /* common in Headers */,
				3437E6B01135FE5D0090CE53 /* core in Headers */,
				3437E6B11135FE5D0090CE53 /* graphics in Headers */,
				3437E6B21135FE5D0090CE53 /* math in Headers */,
			);
			runOnlyForDeploymentPostprocessing = 0;
		};
/* End PBXHeadersBuildPhase section */

/* Begin PBXNativeTarget section */
		8DC2EF4F0486A6940098B216 /* lavish */ = {
			isa = PBXNativeTarget;
			buildConfigurationList = 1DEB91AD08733DA50010E9CD /* Build configuration list for PBXNativeTarget "lavish" */;
			buildPhases = (
				8DC2EF500486A6940098B216 /* Headers */,
				8DC2EF520486A6940098B216 /* Resources */,
				8DC2EF540486A6940098B216 /* Sources */,
				8DC2EF560486A6940098B216 /* Frameworks */,
			);
			buildRules = (
			);
			dependencies = (
			);
			name = lavish;
			productInstallPath = "$(HOME)/Library/Frameworks";
			productName = lavish;
			productReference = 8DC2EF5B0486A6940098B216 /* lavish.framework */;
			productType = "com.apple.product-type.framework";
		};
/* End PBXNativeTarget section */

/* Begin PBXProject section */
		0867D690FE84028FC02AAC07 /* Project object */ = {
			isa = PBXProject;
			buildConfigurationList = 1DEB91B108733DA50010E9CD /* Build configuration list for PBXProject "lavish" */;
			compatibilityVersion = "Xcode 3.1";
			developmentRegion = English;
			hasScannedForEncodings = 1;
			knownRegions = (
				English,
				Japanese,
				French,
				German,
			);
			mainGroup = 0867D691FE84028FC02AAC07 /* lavish */;
			productRefGroup = 034768DFFF38A50411DB9C8B /* Products */;
			projectDirPath = "";
			projectRoot = "";
			targets = (
				8DC2EF4F0486A6940098B216 /* lavish */,
			);
		};
/* End PBXProject section */

/* Begin PBXResourcesBuildPhase section */
		8DC2EF520486A6940098B216 /* Resources */ = {
			isa = PBXResourcesBuildPhase;
			buildActionMask = 2147483647;
			files = (
				8DC2EF530486A6940098B216 /* InfoPlist.strings in Resources */,
			);
			runOnlyForDeploymentPostprocessing = 0;
		};
/* End PBXResourcesBuildPhase section */

/* Begin PBXSourcesBuildPhase section */
		8DC2EF540486A6940098B216 /* Sources */ = {
			isa = PBXSourcesBuildPhase;
			buildActionMask = 2147483647;
			files = (
				3416868010DADDAF00B941D4 /* color.cpp in Sources */,
				3416868110DADDAF00B941D4 /* rectangle.cpp in Sources */,
				3416868210DADDAF00B941D4 /* display.cpp in Sources */,
				3416868310DADDAF00B941D4 /* eventListener.cpp in Sources */,
				3416868410DADDAF00B941D4 /* keyboard.cpp in Sources */,
				3416868510DADDAF00B941D4 /* mouse.cpp in Sources */,
				3416868610DADDAF00B941D4 /* resource.cpp in Sources */,
				3416868710DADDAF00B941D4 /* stateManager.cpp in Sources */,
				3416868810DADDAF00B941D4 /* timer.cpp in Sources */,
				3416868910DADDAF00B941D4 /* sprite.cpp in Sources */,
				3416868A10DADDAF00B941D4 /* texture.cpp in Sources */,
				3416868B10DADDAF00B941D4 /* vertexFormats.cpp in Sources */,
				3416868C10DADDAF00B941D4 /* matrix.cpp in Sources */,
				34F714B510E048B30053AD37 /* shader.cpp in Sources */,
				34F714ED10E163D90053AD37 /* shaderSet.cpp in Sources */,
				34D8CBCC10F8059200EBF296 /* exception.cpp in Sources */,
				34D8CBDC10F807DB00EBF296 /* model.cpp in Sources */,
				34DCA823113638170022D17E /* glew.c in Sources */,
			);
			runOnlyForDeploymentPostprocessing = 0;
		};
/* End PBXSourcesBuildPhase section */

/* Begin PBXVariantGroup section */
		089C1666FE841158C02AAC07 /* InfoPlist.strings */ = {
			isa = PBXVariantGroup;
			children = (
				089C1667FE841158C02AAC07 /* English */,
			);
			name = InfoPlist.strings;
			sourceTree = "<group>";
		};
/* End PBXVariantGroup section */

/* Begin XCBuildConfiguration section */
		1DEB91AE08733DA50010E9CD /* Debug */ = {
			isa = XCBuildConfiguration;
			buildSettings = {
				ALWAYS_SEARCH_USER_PATHS = NO;
				COPY_PHASE_STRIP = NO;
				DYLIB_COMPATIBILITY_VERSION = 1;
				DYLIB_CURRENT_VERSION = 1;
				FRAMEWORK_SEARCH_PATHS = (
					"$(inherited)",
					"\"$(SRCROOT)/dependancies\"",
				);
				FRAMEWORK_VERSION = A;
				GCC_DYNAMIC_NO_PIC = NO;
				GCC_ENABLE_FIX_AND_CONTINUE = YES;
				GCC_MODEL_TUNING = G5;
				GCC_OPTIMIZATION_LEVEL = 0;
				GCC_PRECOMPILE_PREFIX_HEADER = YES;
				GCC_PREFIX_HEADER = lavish_Prefix.pch;
				HEADER_SEARCH_PATHS = ../../include;
				INFOPLIST_FILE = Info.plist;
				INSTALL_PATH = "@executable_path/../Frameworks";
				PRODUCT_NAME = lavish;
				WRAPPER_EXTENSION = framework;
			};
			name = Debug;
		};
		1DEB91AF08733DA50010E9CD /* Release */ = {
			isa = XCBuildConfiguration;
			buildSettings = {
				ALWAYS_SEARCH_USER_PATHS = NO;
				ARCHS = "$(ARCHS_STANDARD_32_64_BIT)";
				DEBUG_INFORMATION_FORMAT = "dwarf-with-dsym";
				DYLIB_COMPATIBILITY_VERSION = 1;
				DYLIB_CURRENT_VERSION = 1;
				FRAMEWORK_SEARCH_PATHS = (
					"$(inherited)",
					"\"$(SRCROOT)/dependancies\"",
				);
				FRAMEWORK_VERSION = A;
				GCC_MODEL_TUNING = "";
				GCC_PRECOMPILE_PREFIX_HEADER = YES;
				GCC_PREFIX_HEADER = lavish_Prefix.pch;
				INFOPLIST_FILE = Info.plist;
				INSTALL_PATH = "@executable_path/../Frameworks";
				PRODUCT_NAME = lavish;
				VALID_ARCHS = "i386 x86_64";
				WRAPPER_EXTENSION = framework;
			};
			name = Release;
		};
		1DEB91B208733DA50010E9CD /* Debug */ = {
			isa = XCBuildConfiguration;
			buildSettings = {
				ARCHS = "$(ARCHS_STANDARD_32_BIT)";
				GCC_C_LANGUAGE_STANDARD = c99;
				GCC_OPTIMIZATION_LEVEL = 0;
				GCC_WARN_ABOUT_RETURN_TYPE = YES;
				GCC_WARN_UNUSED_VARIABLE = YES;
				ONLY_ACTIVE_ARCH = YES;
				PREBINDING = NO;
				SDKROOT = macosx10.5;
			};
			name = Debug;
		};
		1DEB91B308733DA50010E9CD /* Release */ = {
			isa = XCBuildConfiguration;
			buildSettings = {
				ARCHS = "$(ARCHS_STANDARD_32_64_BIT)";
				GCC_C_LANGUAGE_STANDARD = c99;
				GCC_WARN_ABOUT_RETURN_TYPE = YES;
				GCC_WARN_UNUSED_VARIABLE = YES;
				HEADER_SEARCH_PATHS = ../../include;
				PREBINDING = NO;
				SDKROOT = macosx10.5;
			};
			name = Release;
		};
/* End XCBuildConfiguration section */

/* Begin XCConfigurationList section */
		1DEB91AD08733DA50010E9CD /* Build configuration list for PBXNativeTarget "lavish" */ = {
			isa = XCConfigurationList;
			buildConfigurations = (
				1DEB91AE08733DA50010E9CD /* Debug */,
				1DEB91AF08733DA50010E9CD /* Release */,
			);
			defaultConfigurationIsVisible = 0;
			defaultConfigurationName = Release;
		};
		1DEB91B108733DA50010E9CD /* Build configuration list for PBXProject "lavish" */ = {
			isa = XCConfigurationList;
			buildConfigurations = (
				1DEB91B208733DA50010E9CD /* Debug */,
				1DEB91B308733DA50010E9CD /* Release */,
			);
			defaultConfigurationIsVisible = 0;
			defaultConfigurationName = Release;
		};
/* End XCConfigurationList section */
	};
	rootObject = 0867D690FE84028FC02AAC07 /* Project object */;
}
